
Microsoft Visual Studio Solution File, Format Version 12.00
# Visual Studio Version 17
VisualStudioVersion = 17.7.34302.85
MinimumVisualStudioVersion = 10.0.40219.1
Project("{FAE04EC0-301F-11D3-BF4B-00C04F79EFBC}") = "Bossfight2", "Bossfight2\Bossfight2.csproj", "{DB3AFF87-9AB9-4D21-9E13-7009EDD49F13}"
EndProject
Global
	GlobalSection(SolutionConfigurationPlatforms) = preSolution
		Debug|Any CPU = Debug|Any CPU
		Release|Any CPU = Release|Any CPU
	EndGlobalSection
	GlobalSection(ProjectConfigurationPlatforms) = postSolution
		{DB3AFF87-9AB9-4D21-9E13-7009EDD49F13}.Debug|Any CPU.ActiveCfg = Debug|Any CPU
		{DB3AFF87-9AB9-4D21-9E13-7009EDD49F13}.Debug|Any CPU.Build.0 = Debug|Any CPU
		{DB3AFF87-9AB9-4D21-9E13-7009EDD49F13}.Release|Any CPU.ActiveCfg = Release|Any CPU
		{DB3AFF87-9AB9-4D21-9E13-7009EDD49F13}.Release|Any CPU.Build.0 = Release|Any CPU
	EndGlobalSection
	GlobalSection(SolutionProperties) = preSolution
		HideSolutionNode = FALSE
	EndGlobalSection
	GlobalSection(ExtensibilityGlobals) = postSolution
		SolutionGuid = {8913823F-0871-4151-8B9C-4698B23B0164}
	EndGlobalSection
EndGlobal
